// !$*UTF8*$!
{
	archiveVersion = 1;
	classes = {
	};
	objectVersion = 48;
	objects = {

/* Begin PBXBuildFile section */
		2F780356E69407ADF4656D31 /* Pods_TapupUITests.framework in Frameworks */ = {isa = PBXBuildFile; fileRef = DEEE3BABE13794CA7A46D97F /* Pods_TapupUITests.framework */; };
		94BB79C43998D85498D7BA09 /* Pods_TapupTests.framework in Frameworks */ = {isa = PBXBuildFile; fileRef = AE199530AFA2C52BD86D0DAC /* Pods_TapupTests.framework */; };
		961C11862043E0D70098315A /* TimerViewController.swift in Sources */ = {isa = PBXBuildFile; fileRef = 961C11852043E0D70098315A /* TimerViewController.swift */; };
		961C118A204401F40098315A /* InputViewController.swift in Sources */ = {isa = PBXBuildFile; fileRef = 961C1189204401F40098315A /* InputViewController.swift */; };
		961C118E20468BB70098315A /* ju.png in Resources */ = {isa = PBXBuildFile; fileRef = 961C118D20468BB70098315A /* ju.png */; };
		963CB26B2039424800AF176A /* RankingViewController.swift in Sources */ = {isa = PBXBuildFile; fileRef = 963CB26A2039424800AF176A /* RankingViewController.swift */; };
		9650A5DD204A95380013FAA1 /* Social.framework in Frameworks */ = {isa = PBXBuildFile; fileRef = 9650A5DC204A95380013FAA1 /* Social.framework */; };
		9650A5E6204A9A2C0013FAA1 /* bronze.png in Resources */ = {isa = PBXBuildFile; fileRef = 9650A5DE204A9A280013FAA1 /* bronze.png */; };
		9650A5E7204A9A2C0013FAA1 /* 112.jpg in Resources */ = {isa = PBXBuildFile; fileRef = 9650A5DF204A9A280013FAA1 /* 112.jpg */; };
		9650A5E8204A9A2C0013FAA1 /* gold.png in Resources */ = {isa = PBXBuildFile; fileRef = 9650A5E0204A9A290013FAA1 /* gold.png */; };
		9650A5E9204A9A2C0013FAA1 /* silver.png in Resources */ = {isa = PBXBuildFile; fileRef = 9650A5E1204A9A290013FAA1 /* silver.png */; };
		9650A5EA204A9A2C0013FAA1 /* gan.jpg in Resources */ = {isa = PBXBuildFile; fileRef = 9650A5E2204A9A2A0013FAA1 /* gan.jpg */; };
		9650A5EB204A9A2C0013FAA1 /* yatai.jpg in Resources */ = {isa = PBXBuildFile; fileRef = 9650A5E3204A9A2A0013FAA1 /* yatai.jpg */; };
		9650A5EC204A9A2C0013FAA1 /* sports_archery_mato2.png in Resources */ = {isa = PBXBuildFile; fileRef = 9650A5E4204A9A2B0013FAA1 /* sports_archery_mato2.png */; };
		9650A5ED204A9A2C0013FAA1 /* rodo.png in Resources */ = {isa = PBXBuildFile; fileRef = 9650A5E5204A9A2B0013FAA1 /* rodo.png */; };
		9650A5EF204AA7520013FAA1 /* Songti.ttc in Resources */ = {isa = PBXBuildFile; fileRef = 9650A5EE204AA7510013FAA1 /* Songti.ttc */; };
		9650A5F2204AAF4C0013FAA1 /* icon-02.png in Resources */ = {isa = PBXBuildFile; fileRef = 9650A5F0204AAF4B0013FAA1 /* icon-02.png */; };
		9650A5F3204AAF4C0013FAA1 /* icon-03.png in Resources */ = {isa = PBXBuildFile; fileRef = 9650A5F1204AAF4C0013FAA1 /* icon-03.png */; };
		9650A5F5204ABBB60013FAA1 /* icon-04.png in Resources */ = {isa = PBXBuildFile; fileRef = 9650A5F4204ABBB60013FAA1 /* icon-04.png */; };
		9650A5F8204AC0420013FAA1 /* icon-05.png in Resources */ = {isa = PBXBuildFile; fileRef = 9650A5F6204AC0410013FAA1 /* icon-05.png */; };
		9650A5F9204AC0420013FAA1 /* icon-06.png in Resources */ = {isa = PBXBuildFile; fileRef = 9650A5F7204AC0420013FAA1 /* icon-06.png */; };
		9650A5FB204C344C0013FAA1 /* icon-07.png in Resources */ = {isa = PBXBuildFile; fileRef = 9650A5FA204C344A0013FAA1 /* icon-07.png */; };
		966755F6203706BB00375BD7 /* djsuke.png in Resources */ = {isa = PBXBuildFile; fileRef = 966755F5203706BA00375BD7 /* djsuke.png */; };
		967BCE64204C43CD009E3BBB /* back.jpg in Resources */ = {isa = PBXBuildFile; fileRef = 967BCE63204C43CD009E3BBB /* back.jpg */; };
		967BCE66204C45E3009E3BBB /* glass.png in Resources */ = {isa = PBXBuildFile; fileRef = 967BCE65204C45E2009E3BBB /* glass.png */; };
		96DB05462032CA0000F09D1D /* AppDelegate.swift in Sources */ = {isa = PBXBuildFile; fileRef = 96DB05452032CA0000F09D1D /* AppDelegate.swift */; };
		96DB05482032CA0100F09D1D /* GameViewController.swift in Sources */ = {isa = PBXBuildFile; fileRef = 96DB05472032CA0100F09D1D /* GameViewController.swift */; };
		96DB054B2032CA0100F09D1D /* Main.storyboard in Resources */ = {isa = PBXBuildFile; fileRef = 96DB05492032CA0100F09D1D /* Main.storyboard */; };
		96DB054D2032CA0100F09D1D /* Assets.xcassets in Resources */ = {isa = PBXBuildFile; fileRef = 96DB054C2032CA0100F09D1D /* Assets.xcassets */; };
		96DB05502032CA0100F09D1D /* LaunchScreen.storyboard in Resources */ = {isa = PBXBuildFile; fileRef = 96DB054E2032CA0100F09D1D /* LaunchScreen.storyboard */; };
		96DB055B2032CA0100F09D1D /* TapupTests.swift in Sources */ = {isa = PBXBuildFile; fileRef = 96DB055A2032CA0100F09D1D /* TapupTests.swift */; };
		96DB05662032CA0100F09D1D /* TapupUITests.swift in Sources */ = {isa = PBXBuildFile; fileRef = 96DB05652032CA0100F09D1D /* TapupUITests.swift */; };
		96F9458F204D3CC000E3A314 /* glass_03.png in Resources */ = {isa = PBXBuildFile; fileRef = 96F9458E204D3CC000E3A314 /* glass_03.png */; };
		96F94592204D417000E3A314 /* window.png in Resources */ = {isa = PBXBuildFile; fileRef = 96F94590204D416F00E3A314 /* window.png */; };
		96F94593204D417000E3A314 /* name.png in Resources */ = {isa = PBXBuildFile; fileRef = 96F94591204D417000E3A314 /* name.png */; };
		96F94597204D436D00E3A314 /* PixelMplus10-Regular.ttf in Resources */ = {isa = PBXBuildFile; fileRef = 96F94596204D436D00E3A314 /* PixelMplus10-Regular.ttf */; };
		96F94599204D4A2000E3A314 /* money.png in Resources */ = {isa = PBXBuildFile; fileRef = 96F94598204D4A1F00E3A314 /* money.png */; };
		96F9459B204D5A7300E3A314 /* start.png in Resources */ = {isa = PBXBuildFile; fileRef = 96F9459A204D5A7300E3A314 /* start.png */; };
		96F9459D204D5B6B00E3A314 /* MissionViewController.swift in Sources */ = {isa = PBXBuildFile; fileRef = 96F9459C204D5B6B00E3A314 /* MissionViewController.swift */; };
		96F9459F204D735200E3A314 /* back2.jpg in Resources */ = {isa = PBXBuildFile; fileRef = 96F9459E204D735100E3A314 /* back2.jpg */; };
		96F945A4204D76C800E3A314 /* frame04.png in Resources */ = {isa = PBXBuildFile; fileRef = 96F945A0204D76B800E3A314 /* frame04.png */; };
		96F945A5204D76C800E3A314 /* frame01.png in Resources */ = {isa = PBXBuildFile; fileRef = 96F945A1204D76B900E3A314 /* frame01.png */; };
		96F945A6204D76C800E3A314 /* frame02.png in Resources */ = {isa = PBXBuildFile; fileRef = 96F945A2204D76C400E3A314 /* frame02.png */; };
		96F945A7204D76C800E3A314 /* frame03.png in Resources */ = {isa = PBXBuildFile; fileRef = 96F945A3204D76C400E3A314 /* frame03.png */; };
		96F945A9204D7B2900E3A314 /* Mechanoarc.otf in Resources */ = {isa = PBXBuildFile; fileRef = 96F945A8204D7B2800E3A314 /* Mechanoarc.otf */; };
		C8BFC80124C36B9E193B70DC /* Pods_Tapup.framework in Frameworks */ = {isa = PBXBuildFile; fileRef = 5B451A0F3D5D1980FD275FB6 /* Pods_Tapup.framework */; };
/* End PBXBuildFile section */

/* Begin PBXContainerItemProxy section */
		96DB05572032CA0100F09D1D /* PBXContainerItemProxy */ = {
			isa = PBXContainerItemProxy;
			containerPortal = 96DB053A2032CA0000F09D1D /* Project object */;
			proxyType = 1;
			remoteGlobalIDString = 96DB05412032CA0000F09D1D;
			remoteInfo = Tapup;
		};
		96DB05622032CA0100F09D1D /* PBXContainerItemProxy */ = {
			isa = PBXContainerItemProxy;
			containerPortal = 96DB053A2032CA0000F09D1D /* Project object */;
			proxyType = 1;
			remoteGlobalIDString = 96DB05412032CA0000F09D1D;
			remoteInfo = Tapup;
		};
/* End PBXContainerItemProxy section */

/* Begin PBXFileReference section */
		0BBAEAB0C5943EFE8B20DECA /* Pods-TapupTests.release.xcconfig */ = {isa = PBXFileReference; includeInIndex = 1; lastKnownFileType = text.xcconfig; name = "Pods-TapupTests.release.xcconfig"; path = "Pods/Target Support Files/Pods-TapupTests/Pods-TapupTests.release.xcconfig"; sourceTree = "<group>"; };
		19DBBFFE9D1D484D15E6FCC8 /* Pods-Tapup.debug.xcconfig */ = {isa = PBXFileReference; includeInIndex = 1; lastKnownFileType = text.xcconfig; name = "Pods-Tapup.debug.xcconfig"; path = "Pods/Target Support Files/Pods-Tapup/Pods-Tapup.debug.xcconfig"; sourceTree = "<group>"; };
		5B451A0F3D5D1980FD275FB6 /* Pods_Tapup.framework */ = {isa = PBXFileReference; explicitFileType = wrapper.framework; includeInIndex = 0; path = Pods_Tapup.framework; sourceTree = BUILT_PRODUCTS_DIR; };
		961C11852043E0D70098315A /* TimerViewController.swift */ = {isa = PBXFileReference; lastKnownFileType = sourcecode.swift; path = TimerViewController.swift; sourceTree = "<group>"; };
		961C1189204401F40098315A /* InputViewController.swift */ = {isa = PBXFileReference; lastKnownFileType = sourcecode.swift; path = InputViewController.swift; sourceTree = "<group>"; };
		961C118D20468BB70098315A /* ju.png */ = {isa = PBXFileReference; lastKnownFileType = image.png; path = ju.png; sourceTree = "<group>"; };
		963CB26A2039424800AF176A /* RankingViewController.swift */ = {isa = PBXFileReference; lastKnownFileType = sourcecode.swift; path = RankingViewController.swift; sourceTree = "<group>"; };
		9650A5DC204A95380013FAA1 /* Social.framework */ = {isa = PBXFileReference; lastKnownFileType = wrapper.framework; name = Social.framework; path = System/Library/Frameworks/Social.framework; sourceTree = SDKROOT; };
		9650A5DE204A9A280013FAA1 /* bronze.png */ = {isa = PBXFileReference; lastKnownFileType = image.png; path = bronze.png; sourceTree = "<group>"; };
		9650A5DF204A9A280013FAA1 /* 112.jpg */ = {isa = PBXFileReference; lastKnownFileType = image.jpeg; path = 112.jpg; sourceTree = "<group>"; };
		9650A5E0204A9A290013FAA1 /* gold.png */ = {isa = PBXFileReference; lastKnownFileType = image.png; path = gold.png; sourceTree = "<group>"; };
		9650A5E1204A9A290013FAA1 /* silver.png */ = {isa = PBXFileReference; lastKnownFileType = image.png; path = silver.png; sourceTree = "<group>"; };
		9650A5E2204A9A2A0013FAA1 /* gan.jpg */ = {isa = PBXFileReference; lastKnownFileType = image.jpeg; path = gan.jpg; sourceTree = "<group>"; };
		9650A5E3204A9A2A0013FAA1 /* yatai.jpg */ = {isa = PBXFileReference; lastKnownFileType = image.jpeg; path = yatai.jpg; sourceTree = "<group>"; };
		9650A5E4204A9A2B0013FAA1 /* sports_archery_mato2.png */ = {isa = PBXFileReference; lastKnownFileType = image.png; path = sports_archery_mato2.png; sourceTree = "<group>"; };
		9650A5E5204A9A2B0013FAA1 /* rodo.png */ = {isa = PBXFileReference; lastKnownFileType = image.png; path = rodo.png; sourceTree = "<group>"; };
		9650A5EE204AA7510013FAA1 /* Songti.ttc */ = {isa = PBXFileReference; lastKnownFileType = file; name = Songti.ttc; path = ../../../../../../Library/Fonts/Songti.ttc; sourceTree = "<group>"; };
		9650A5F0204AAF4B0013FAA1 /* icon-02.png */ = {isa = PBXFileReference; lastKnownFileType = image.png; path = "icon-02.png"; sourceTree = "<group>"; };
		9650A5F1204AAF4C0013FAA1 /* icon-03.png */ = {isa = PBXFileReference; lastKnownFileType = image.png; path = "icon-03.png"; sourceTree = "<group>"; };
		9650A5F4204ABBB60013FAA1 /* icon-04.png */ = {isa = PBXFileReference; lastKnownFileType = image.png; path = "icon-04.png"; sourceTree = "<group>"; };
		9650A5F6204AC0410013FAA1 /* icon-05.png */ = {isa = PBXFileReference; lastKnownFileType = image.png; path = "icon-05.png"; sourceTree = "<group>"; };
		9650A5F7204AC0420013FAA1 /* icon-06.png */ = {isa = PBXFileReference; lastKnownFileType = image.png; path = "icon-06.png"; sourceTree = "<group>"; };
		9650A5FA204C344A0013FAA1 /* icon-07.png */ = {isa = PBXFileReference; lastKnownFileType = image.png; path = "icon-07.png"; sourceTree = "<group>"; };
		9658C916C0528E6FDCDC1285 /* Pods-TapupTests.debug.xcconfig */ = {isa = PBXFileReference; includeInIndex = 1; lastKnownFileType = text.xcconfig; name = "Pods-TapupTests.debug.xcconfig"; path = "Pods/Target Support Files/Pods-TapupTests/Pods-TapupTests.debug.xcconfig"; sourceTree = "<group>"; };
		966755F5203706BA00375BD7 /* djsuke.png */ = {isa = PBXFileReference; lastKnownFileType = image.png; path = djsuke.png; sourceTree = "<group>"; };
		967BCE63204C43CD009E3BBB /* back.jpg */ = {isa = PBXFileReference; lastKnownFileType = image.jpeg; path = back.jpg; sourceTree = "<group>"; };
		967BCE65204C45E2009E3BBB /* glass.png */ = {isa = PBXFileReference; lastKnownFileType = image.png; path = glass.png; sourceTree = "<group>"; };
		96DB05422032CA0000F09D1D /* Tapup.app */ = {isa = PBXFileReference; explicitFileType = wrapper.application; includeInIndex = 0; path = Tapup.app; sourceTree = BUILT_PRODUCTS_DIR; };
		96DB05452032CA0000F09D1D /* AppDelegate.swift */ = {isa = PBXFileReference; lastKnownFileType = sourcecode.swift; path = AppDelegate.swift; sourceTree = "<group>"; };
		96DB05472032CA0100F09D1D /* GameViewController.swift */ = {isa = PBXFileReference; lastKnownFileType = sourcecode.swift; path = GameViewController.swift; sourceTree = "<group>"; };
		96DB054A2032CA0100F09D1D /* Base */ = {isa = PBXFileReference; lastKnownFileType = file.storyboard; name = Base; path = Base.lproj/Main.storyboard; sourceTree = "<group>"; };
		96DB054C2032CA0100F09D1D /* Assets.xcassets */ = {isa = PBXFileReference; lastKnownFileType = folder.assetcatalog; path = Assets.xcassets; sourceTree = "<group>"; };
		96DB054F2032CA0100F09D1D /* Base */ = {isa = PBXFileReference; lastKnownFileType = file.storyboard; name = Base; path = Base.lproj/LaunchScreen.storyboard; sourceTree = "<group>"; };
		96DB05512032CA0100F09D1D /* Info.plist */ = {isa = PBXFileReference; lastKnownFileType = text.plist.xml; path = Info.plist; sourceTree = "<group>"; };
		96DB05562032CA0100F09D1D /* TapupTests.xctest */ = {isa = PBXFileReference; explicitFileType = wrapper.cfbundle; includeInIndex = 0; path = TapupTests.xctest; sourceTree = BUILT_PRODUCTS_DIR; };
		96DB055A2032CA0100F09D1D /* TapupTests.swift */ = {isa = PBXFileReference; lastKnownFileType = sourcecode.swift; path = TapupTests.swift; sourceTree = "<group>"; };
		96DB055C2032CA0100F09D1D /* Info.plist */ = {isa = PBXFileReference; lastKnownFileType = text.plist.xml; path = Info.plist; sourceTree = "<group>"; };
		96DB05612032CA0100F09D1D /* TapupUITests.xctest */ = {isa = PBXFileReference; explicitFileType = wrapper.cfbundle; includeInIndex = 0; path = TapupUITests.xctest; sourceTree = BUILT_PRODUCTS_DIR; };
		96DB05652032CA0100F09D1D /* TapupUITests.swift */ = {isa = PBXFileReference; lastKnownFileType = sourcecode.swift; path = TapupUITests.swift; sourceTree = "<group>"; };
		96DB05672032CA0100F09D1D /* Info.plist */ = {isa = PBXFileReference; lastKnownFileType = text.plist.xml; path = Info.plist; sourceTree = "<group>"; };
		96F9458E204D3CC000E3A314 /* glass_03.png */ = {isa = PBXFileReference; lastKnownFileType = image.png; path = glass_03.png; sourceTree = "<group>"; };
		96F94590204D416F00E3A314 /* window.png */ = {isa = PBXFileReference; lastKnownFileType = image.png; path = window.png; sourceTree = "<group>"; };
		96F94591204D417000E3A314 /* name.png */ = {isa = PBXFileReference; lastKnownFileType = image.png; path = name.png; sourceTree = "<group>"; };
		96F94596204D436D00E3A314 /* PixelMplus10-Regular.ttf */ = {isa = PBXFileReference; lastKnownFileType = file; path = "PixelMplus10-Regular.ttf"; sourceTree = "<group>"; };
		96F94598204D4A1F00E3A314 /* money.png */ = {isa = PBXFileReference; lastKnownFileType = image.png; path = money.png; sourceTree = "<group>"; };
		96F9459A204D5A7300E3A314 /* start.png */ = {isa = PBXFileReference; lastKnownFileType = image.png; path = start.png; sourceTree = "<group>"; };
		96F9459C204D5B6B00E3A314 /* MissionViewController.swift */ = {isa = PBXFileReference; lastKnownFileType = sourcecode.swift; path = MissionViewController.swift; sourceTree = "<group>"; };
		96F9459E204D735100E3A314 /* back2.jpg */ = {isa = PBXFileReference; lastKnownFileType = image.jpeg; path = back2.jpg; sourceTree = "<group>"; };
		96F945A0204D76B800E3A314 /* frame04.png */ = {isa = PBXFileReference; lastKnownFileType = image.png; path = frame04.png; sourceTree = "<group>"; };
		96F945A1204D76B900E3A314 /* frame01.png */ = {isa = PBXFileReference; lastKnownFileType = image.png; path = frame01.png; sourceTree = "<group>"; };
		96F945A2204D76C400E3A314 /* frame02.png */ = {isa = PBXFileReference; lastKnownFileType = image.png; path = frame02.png; sourceTree = "<group>"; };
		96F945A3204D76C400E3A314 /* frame03.png */ = {isa = PBXFileReference; lastKnownFileType = image.png; path = frame03.png; sourceTree = "<group>"; };
		96F945A8204D7B2800E3A314 /* Mechanoarc.otf */ = {isa = PBXFileReference; lastKnownFileType = file; path = Mechanoarc.otf; sourceTree = "<group>"; };
		A1F9BE49E7D11E5098220FA0 /* Pods-TapupUITests.release.xcconfig */ = {isa = PBXFileReference; includeInIndex = 1; lastKnownFileType = text.xcconfig; name = "Pods-TapupUITests.release.xcconfig"; path = "Pods/Target Support Files/Pods-TapupUITests/Pods-TapupUITests.release.xcconfig"; sourceTree = "<group>"; };
		AE199530AFA2C52BD86D0DAC /* Pods_TapupTests.framework */ = {isa = PBXFileReference; explicitFileType = wrapper.framework; includeInIndex = 0; path = Pods_TapupTests.framework; sourceTree = BUILT_PRODUCTS_DIR; };
		DEEE3BABE13794CA7A46D97F /* Pods_TapupUITests.framework */ = {isa = PBXFileReference; explicitFileType = wrapper.framework; includeInIndex = 0; path = Pods_TapupUITests.framework; sourceTree = BUILT_PRODUCTS_DIR; };
		FEDE0702B25B98C8C02C7288 /* Pods-Tapup.release.xcconfig */ = {isa = PBXFileReference; includeInIndex = 1; lastKnownFileType = text.xcconfig; name = "Pods-Tapup.release.xcconfig"; path = "Pods/Target Support Files/Pods-Tapup/Pods-Tapup.release.xcconfig"; sourceTree = "<group>"; };
		FF1E7F91B1CA8B79A837CDD9 /* Pods-TapupUITests.debug.xcconfig */ = {isa = PBXFileReference; includeInIndex = 1; lastKnownFileType = text.xcconfig; name = "Pods-TapupUITests.debug.xcconfig"; path = "Pods/Target Support Files/Pods-TapupUITests/Pods-TapupUITests.debug.xcconfig"; sourceTree = "<group>"; };
/* End PBXFileReference section */

/* Begin PBXFrameworksBuildPhase section */
		96DB053F2032CA0000F09D1D /* Frameworks */ = {
			isa = PBXFrameworksBuildPhase;
			buildActionMask = 2147483647;
			files = (
				9650A5DD204A95380013FAA1 /* Social.framework in Frameworks */,
				C8BFC80124C36B9E193B70DC /* Pods_Tapup.framework in Frameworks */,
			);
			runOnlyForDeploymentPostprocessing = 0;
		};
		96DB05532032CA0100F09D1D /* Frameworks */ = {
			isa = PBXFrameworksBuildPhase;
			buildActionMask = 2147483647;
			files = (
				94BB79C43998D85498D7BA09 /* Pods_TapupTests.framework in Frameworks */,
			);
			runOnlyForDeploymentPostprocessing = 0;
		};
		96DB055E2032CA0100F09D1D /* Frameworks */ = {
			isa = PBXFrameworksBuildPhase;
			buildActionMask = 2147483647;
			files = (
				2F780356E69407ADF4656D31 /* Pods_TapupUITests.framework in Frameworks */,
			);
			runOnlyForDeploymentPostprocessing = 0;
		};
/* End PBXFrameworksBuildPhase section */

/* Begin PBXGroup section */
		3B4FBAB77CA9215415EE4B83 /* Pods */ = {
			isa = PBXGroup;
			children = (
				19DBBFFE9D1D484D15E6FCC8 /* Pods-Tapup.debug.xcconfig */,
				FEDE0702B25B98C8C02C7288 /* Pods-Tapup.release.xcconfig */,
				9658C916C0528E6FDCDC1285 /* Pods-TapupTests.debug.xcconfig */,
				0BBAEAB0C5943EFE8B20DECA /* Pods-TapupTests.release.xcconfig */,
				FF1E7F91B1CA8B79A837CDD9 /* Pods-TapupUITests.debug.xcconfig */,
				A1F9BE49E7D11E5098220FA0 /* Pods-TapupUITests.release.xcconfig */,
			);
			name = Pods;
			sourceTree = "<group>";
		};
		9650A5DB204A95380013FAA1 /* Frameworks */ = {
			isa = PBXGroup;
			children = (
				9650A5DC204A95380013FAA1 /* Social.framework */,
				5B451A0F3D5D1980FD275FB6 /* Pods_Tapup.framework */,
				AE199530AFA2C52BD86D0DAC /* Pods_TapupTests.framework */,
				DEEE3BABE13794CA7A46D97F /* Pods_TapupUITests.framework */,
			);
			name = Frameworks;
			sourceTree = "<group>";
		};
		966755FF2037108A00375BD7 /* img */ = {
			isa = PBXGroup;
			children = (
				96F945A1204D76B900E3A314 /* frame01.png */,
				96F945A2204D76C400E3A314 /* frame02.png */,
				96F945A3204D76C400E3A314 /* frame03.png */,
				96F945A0204D76B800E3A314 /* frame04.png */,
				96F9459E204D735100E3A314 /* back2.jpg */,
				96F9459A204D5A7300E3A314 /* start.png */,
				96F94598204D4A1F00E3A314 /* money.png */,
				96F94591204D417000E3A314 /* name.png */,
				96F94590204D416F00E3A314 /* window.png */,
				96F9458E204D3CC000E3A314 /* glass_03.png */,
				967BCE65204C45E2009E3BBB /* glass.png */,
				967BCE63204C43CD009E3BBB /* back.jpg */,
				9650A5FA204C344A0013FAA1 /* icon-07.png */,
				9650A5F6204AC0410013FAA1 /* icon-05.png */,
				9650A5F7204AC0420013FAA1 /* icon-06.png */,
				9650A5F4204ABBB60013FAA1 /* icon-04.png */,
				9650A5F0204AAF4B0013FAA1 /* icon-02.png */,
				9650A5F1204AAF4C0013FAA1 /* icon-03.png */,
				9650A5DF204A9A280013FAA1 /* 112.jpg */,
				9650A5DE204A9A280013FAA1 /* bronze.png */,
				9650A5E2204A9A2A0013FAA1 /* gan.jpg */,
				9650A5E0204A9A290013FAA1 /* gold.png */,
				9650A5E5204A9A2B0013FAA1 /* rodo.png */,
				9650A5E1204A9A290013FAA1 /* silver.png */,
				9650A5E4204A9A2B0013FAA1 /* sports_archery_mato2.png */,
				9650A5E3204A9A2A0013FAA1 /* yatai.jpg */,
				961C118D20468BB70098315A /* ju.png */,
				966755F5203706BA00375BD7 /* djsuke.png */,
			);
			path = img;
			sourceTree = "<group>";
		};
		96DB05392032CA0000F09D1D = {
			isa = PBXGroup;
			children = (
				96DB05442032CA0000F09D1D /* Tapup */,
				96DB05592032CA0100F09D1D /* TapupTests */,
				96DB05642032CA0100F09D1D /* TapupUITests */,
				96DB05432032CA0000F09D1D /* Products */,
				9650A5DB204A95380013FAA1 /* Frameworks */,
				3B4FBAB77CA9215415EE4B83 /* Pods */,
			);
			sourceTree = "<group>";
		};
		96DB05432032CA0000F09D1D /* Products */ = {
			isa = PBXGroup;
			children = (
				96DB05422032CA0000F09D1D /* Tapup.app */,
				96DB05562032CA0100F09D1D /* TapupTests.xctest */,
				96DB05612032CA0100F09D1D /* TapupUITests.xctest */,
			);
			name = Products;
			sourceTree = "<group>";
		};
		96DB05442032CA0000F09D1D /* Tapup */ = {
			isa = PBXGroup;
			children = (
				96F94596204D436D00E3A314 /* PixelMplus10-Regular.ttf */,
				9650A5EE204AA7510013FAA1 /* Songti.ttc */,
				96F945A8204D7B2800E3A314 /* Mechanoarc.otf */,
				966755FF2037108A00375BD7 /* img */,
				96DB05452032CA0000F09D1D /* AppDelegate.swift */,
				96DB05492032CA0100F09D1D /* Main.storyboard */,
				96DB054C2032CA0100F09D1D /* Assets.xcassets */,
				96DB054E2032CA0100F09D1D /* LaunchScreen.storyboard */,
				96DB05512032CA0100F09D1D /* Info.plist */,
				96DB05472032CA0100F09D1D /* GameViewController.swift */,
				963CB26A2039424800AF176A /* RankingViewController.swift */,
				961C11852043E0D70098315A /* TimerViewController.swift */,
				961C1189204401F40098315A /* InputViewController.swift */,
				96F9459C204D5B6B00E3A314 /* MissionViewController.swift */,
			);
			path = Tapup;
			sourceTree = "<group>";
		};
		96DB05592032CA0100F09D1D /* TapupTests */ = {
			isa = PBXGroup;
			children = (
				96DB055A2032CA0100F09D1D /* TapupTests.swift */,
				96DB055C2032CA0100F09D1D /* Info.plist */,
			);
			path = TapupTests;
			sourceTree = "<group>";
		};
		96DB05642032CA0100F09D1D /* TapupUITests */ = {
			isa = PBXGroup;
			children = (
				96DB05652032CA0100F09D1D /* TapupUITests.swift */,
				96DB05672032CA0100F09D1D /* Info.plist */,
			);
			path = TapupUITests;
			sourceTree = "<group>";
		};
/* End PBXGroup section */

/* Begin PBXNativeTarget section */
		96DB05412032CA0000F09D1D /* Tapup */ = {
			isa = PBXNativeTarget;
			buildConfigurationList = 96DB056A2032CA0100F09D1D /* Build configuration list for PBXNativeTarget "Tapup" */;
			buildPhases = (
				A100A5830BA90BC38150C4C0 /* [CP] Check Pods Manifest.lock */,
				96DB053E2032CA0000F09D1D /* Sources */,
				96DB053F2032CA0000F09D1D /* Frameworks */,
				96DB05402032CA0000F09D1D /* Resources */,
				EC049D33711D05EE3E769384 /* [CP] Embed Pods Frameworks */,
				35395E2C16E077E59E5791F9 /* [CP] Copy Pods Resources */,
			);
			buildRules = (
			);
			dependencies = (
			);
			name = Tapup;
			productName = Tapup;
			productReference = 96DB05422032CA0000F09D1D /* Tapup.app */;
			productType = "com.apple.product-type.application";
		};
		96DB05552032CA0100F09D1D /* TapupTests */ = {
			isa = PBXNativeTarget;
			buildConfigurationList = 96DB056D2032CA0100F09D1D /* Build configuration list for PBXNativeTarget "TapupTests" */;
			buildPhases = (
				A8A4CEEAD74940D9041407CA /* [CP] Check Pods Manifest.lock */,
				96DB05522032CA0100F09D1D /* Sources */,
				96DB05532032CA0100F09D1D /* Frameworks */,
				96DB05542032CA0100F09D1D /* Resources */,
				DDE15A4B7D92AC45CD0EE3C6 /* [CP] Embed Pods Frameworks */,
				E60E7E1B3EB4C08D5F0200F5 /* [CP] Copy Pods Resources */,
			);
			buildRules = (
			);
			dependencies = (
				96DB05582032CA0100F09D1D /* PBXTargetDependency */,
			);
			name = TapupTests;
			productName = TapupTests;
			productReference = 96DB05562032CA0100F09D1D /* TapupTests.xctest */;
			productType = "com.apple.product-type.bundle.unit-test";
		};
		96DB05602032CA0100F09D1D /* TapupUITests */ = {
			isa = PBXNativeTarget;
			buildConfigurationList = 96DB05702032CA0100F09D1D /* Build configuration list for PBXNativeTarget "TapupUITests" */;
			buildPhases = (
				F71332779A543902E725CAC3 /* [CP] Check Pods Manifest.lock */,
				96DB055D2032CA0100F09D1D /* Sources */,
				96DB055E2032CA0100F09D1D /* Frameworks */,
				96DB055F2032CA0100F09D1D /* Resources */,
				E806169F2175D22C076B3C39 /* [CP] Embed Pods Frameworks */,
				BD68767F5539D27C1289ED0E /* [CP] Copy Pods Resources */,
			);
			buildRules = (
			);
			dependencies = (
				96DB05632032CA0100F09D1D /* PBXTargetDependency */,
			);
			name = TapupUITests;
			productName = TapupUITests;
			productReference = 96DB05612032CA0100F09D1D /* TapupUITests.xctest */;
			productType = "com.apple.product-type.bundle.ui-testing";
		};
/* End PBXNativeTarget section */

/* Begin PBXProject section */
		96DB053A2032CA0000F09D1D /* Project object */ = {
			isa = PBXProject;
			attributes = {
				LastSwiftUpdateCheck = 0920;
				LastUpgradeCheck = 0920;
				ORGANIZATIONNAME = "juna Kawagishi";
				TargetAttributes = {
					96DB05412032CA0000F09D1D = {
						CreatedOnToolsVersion = 9.2;
						ProvisioningStyle = Automatic;
					};
					96DB05552032CA0100F09D1D = {
						CreatedOnToolsVersion = 9.2;
						ProvisioningStyle = Automatic;
						TestTargetID = 96DB05412032CA0000F09D1D;
					};
					96DB05602032CA0100F09D1D = {
						CreatedOnToolsVersion = 9.2;
						ProvisioningStyle = Automatic;
						TestTargetID = 96DB05412032CA0000F09D1D;
					};
				};
			};
			buildConfigurationList = 96DB053D2032CA0000F09D1D /* Build configuration list for PBXProject "Tapup" */;
			compatibilityVersion = "Xcode 8.0";
			developmentRegion = en;
			hasScannedForEncodings = 0;
			knownRegions = (
				en,
				Base,
			);
			mainGroup = 96DB05392032CA0000F09D1D;
			productRefGroup = 96DB05432032CA0000F09D1D /* Products */;
			projectDirPath = "";
			projectRoot = "";
			targets = (
				96DB05412032CA0000F09D1D /* Tapup */,
				96DB05552032CA0100F09D1D /* TapupTests */,
				96DB05602032CA0100F09D1D /* TapupUITests */,
			);
		};
/* End PBXProject section */

/* Begin PBXResourcesBuildPhase section */
		96DB05402032CA0000F09D1D /* Resources */ = {
			isa = PBXResourcesBuildPhase;
			buildActionMask = 2147483647;
			files = (
				967BCE66204C45E3009E3BBB /* glass.png in Resources */,
				96F9459B204D5A7300E3A314 /* start.png in Resources */,
				96DB05502032CA0100F09D1D /* LaunchScreen.storyboard in Resources */,
				967BCE64204C43CD009E3BBB /* back.jpg in Resources */,
				9650A5EB204A9A2C0013FAA1 /* yatai.jpg in Resources */,
				9650A5F3204AAF4C0013FAA1 /* icon-03.png in Resources */,
				9650A5EF204AA7520013FAA1 /* Songti.ttc in Resources */,
				96F945A4204D76C800E3A314 /* frame04.png in Resources */,
				9650A5E7204A9A2C0013FAA1 /* 112.jpg in Resources */,
				96F945A5204D76C800E3A314 /* frame01.png in Resources */,
				96F9459F204D735200E3A314 /* back2.jpg in Resources */,
				96F94599204D4A2000E3A314 /* money.png in Resources */,
				9650A5E6204A9A2C0013FAA1 /* bronze.png in Resources */,
				9650A5EA204A9A2C0013FAA1 /* gan.jpg in Resources */,
				96F945A9204D7B2900E3A314 /* Mechanoarc.otf in Resources */,
				9650A5F8204AC0420013FAA1 /* icon-05.png in Resources */,
				96F945A7204D76C800E3A314 /* frame03.png in Resources */,
				9650A5EC204A9A2C0013FAA1 /* sports_archery_mato2.png in Resources */,
				96F94593204D417000E3A314 /* name.png in Resources */,
				96F9458F204D3CC000E3A314 /* glass_03.png in Resources */,
				9650A5FB204C344C0013FAA1 /* icon-07.png in Resources */,
				96DB054D2032CA0100F09D1D /* Assets.xcassets in Resources */,
				9650A5E8204A9A2C0013FAA1 /* gold.png in Resources */,
				961C118E20468BB70098315A /* ju.png in Resources */,
				9650A5F5204ABBB60013FAA1 /* icon-04.png in Resources */,
				96DB054B2032CA0100F09D1D /* Main.storyboard in Resources */,
				96F945A6204D76C800E3A314 /* frame02.png in Resources */,
				9650A5F2204AAF4C0013FAA1 /* icon-02.png in Resources */,
				96F94597204D436D00E3A314 /* PixelMplus10-Regular.ttf in Resources */,
				9650A5F9204AC0420013FAA1 /* icon-06.png in Resources */,
				966755F6203706BB00375BD7 /* djsuke.png in Resources */,
				96F94592204D417000E3A314 /* window.png in Resources */,
				9650A5E9204A9A2C0013FAA1 /* silver.png in Resources */,
				9650A5ED204A9A2C0013FAA1 /* rodo.png in Resources */,
			);
			runOnlyForDeploymentPostprocessing = 0;
		};
		96DB05542032CA0100F09D1D /* Resources */ = {
			isa = PBXResourcesBuildPhase;
			buildActionMask = 2147483647;
			files = (
			);
			runOnlyForDeploymentPostprocessing = 0;
		};
		96DB055F2032CA0100F09D1D /* Resources */ = {
			isa = PBXResourcesBuildPhase;
			buildActionMask = 2147483647;
			files = (
			);
			runOnlyForDeploymentPostprocessing = 0;
		};
/* End PBXResourcesBuildPhase section */

/* Begin PBXShellScriptBuildPhase section */
		35395E2C16E077E59E5791F9 /* [CP] Copy Pods Resources */ = {
			isa = PBXShellScriptBuildPhase;
			buildActionMask = 2147483647;
			files = (
			);
			inputPaths = (
				"${SRCROOT}/Pods/Target Support Files/Pods-Tapup/Pods-Tapup-resources.sh",
				"${PODS_ROOT}/TwitterKit/iOS/TwitterKit.framework/TwitterKitResources.bundle",
				"${PODS_ROOT}/TwitterKit/iOS/TwitterKit.framework/TwitterShareExtensionUIResources.bundle",
			);
			name = "[CP] Copy Pods Resources";
			outputPaths = (
				"${TARGET_BUILD_DIR}/${UNLOCALIZED_RESOURCES_FOLDER_PATH}/TwitterKitResources.bundle",
				"${TARGET_BUILD_DIR}/${UNLOCALIZED_RESOURCES_FOLDER_PATH}/TwitterShareExtensionUIResources.bundle",
			);
			runOnlyForDeploymentPostprocessing = 0;
			shellPath = /bin/sh;
			shellScript = "\"${SRCROOT}/Pods/Target Support Files/Pods-Tapup/Pods-Tapup-resources.sh\"\n";
			showEnvVarsInLog = 0;
		};
		A100A5830BA90BC38150C4C0 /* [CP] Check Pods Manifest.lock */ = {
			isa = PBXShellScriptBuildPhase;
			buildActionMask = 2147483647;
			files = (
			);
			inputPaths = (
				"${PODS_PODFILE_DIR_PATH}/Podfile.lock",
				"${PODS_ROOT}/Manifest.lock",
			);
			name = "[CP] Check Pods Manifest.lock";
			outputPaths = (
				"$(DERIVED_FILE_DIR)/Pods-Tapup-checkManifestLockResult.txt",
			);
			runOnlyForDeploymentPostprocessing = 0;
			shellPath = /bin/sh;
			shellScript = "diff \"${PODS_PODFILE_DIR_PATH}/Podfile.lock\" \"${PODS_ROOT}/Manifest.lock\" > /dev/null\nif [ $? != 0 ] ; then\n    # print error to STDERR\n    echo \"error: The sandbox is not in sync with the Podfile.lock. Run 'pod install' or update your CocoaPods installation.\" >&2\n    exit 1\nfi\n# This output is used by Xcode 'outputs' to avoid re-running this script phase.\necho \"SUCCESS\" > \"${SCRIPT_OUTPUT_FILE_0}\"\n";
			showEnvVarsInLog = 0;
		};
		A8A4CEEAD74940D9041407CA /* [CP] Check Pods Manifest.lock */ = {
			isa = PBXShellScriptBuildPhase;
			buildActionMask = 2147483647;
			files = (
			);
			inputPaths = (
				"${PODS_PODFILE_DIR_PATH}/Podfile.lock",
				"${PODS_ROOT}/Manifest.lock",
			);
			name = "[CP] Check Pods Manifest.lock";
			outputPaths = (
				"$(DERIVED_FILE_DIR)/Pods-TapupTests-checkManifestLockResult.txt",
			);
			runOnlyForDeploymentPostprocessing = 0;
			shellPath = /bin/sh;
			shellScript = "diff \"${PODS_PODFILE_DIR_PATH}/Podfile.lock\" \"${PODS_ROOT}/Manifest.lock\" > /dev/null\nif [ $? != 0 ] ; then\n    # print error to STDERR\n    echo \"error: The sandbox is not in sync with the Podfile.lock. Run 'pod install' or update your CocoaPods installation.\" >&2\n    exit 1\nfi\n# This output is used by Xcode 'outputs' to avoid re-running this script phase.\necho \"SUCCESS\" > \"${SCRIPT_OUTPUT_FILE_0}\"\n";
			showEnvVarsInLog = 0;
		};
		BD68767F5539D27C1289ED0E /* [CP] Copy Pods Resources */ = {
			isa = PBXShellScriptBuildPhase;
			buildActionMask = 2147483647;
			files = (
			);
			inputPaths = (
			);
			name = "[CP] Copy Pods Resources";
			outputPaths = (
			);
			runOnlyForDeploymentPostprocessing = 0;
			shellPath = /bin/sh;
			shellScript = "\"${SRCROOT}/Pods/Target Support Files/Pods-TapupUITests/Pods-TapupUITests-resources.sh\"\n";
			showEnvVarsInLog = 0;
		};
		DDE15A4B7D92AC45CD0EE3C6 /* [CP] Embed Pods Frameworks */ = {
			isa = PBXShellScriptBuildPhase;
			buildActionMask = 2147483647;
			files = (
			);
			inputPaths = (
			);
			name = "[CP] Embed Pods Frameworks";
			outputPaths = (
			);
			runOnlyForDeploymentPostprocessing = 0;
			shellPath = /bin/sh;
			shellScript = "\"${SRCROOT}/Pods/Target Support Files/Pods-TapupTests/Pods-TapupTests-frameworks.sh\"\n";
			showEnvVarsInLog = 0;
		};
		E60E7E1B3EB4C08D5F0200F5 /* [CP] Copy Pods Resources */ = {
			isa = PBXShellScriptBuildPhase;
			buildActionMask = 2147483647;
			files = (
			);
			inputPaths = (
			);
			name = "[CP] Copy Pods Resources";
			outputPaths = (
			);
			runOnlyForDeploymentPostprocessing = 0;
			shellPath = /bin/sh;
			shellScript = "\"${SRCROOT}/Pods/Target Support Files/Pods-TapupTests/Pods-TapupTests-resources.sh\"\n";
			showEnvVarsInLog = 0;
		};
		E806169F2175D22C076B3C39 /* [CP] Embed Pods Frameworks */ = {
			isa = PBXShellScriptBuildPhase;
			buildActionMask = 2147483647;
			files = (
			);
			inputPaths = (
			);
			name = "[CP] Embed Pods Frameworks";
			outputPaths = (
			);
			runOnlyForDeploymentPostprocessing = 0;
			shellPath = /bin/sh;
			shellScript = "\"${SRCROOT}/Pods/Target Support Files/Pods-TapupUITests/Pods-TapupUITests-frameworks.sh\"\n";
			showEnvVarsInLog = 0;
		};
		EC049D33711D05EE3E769384 /* [CP] Embed Pods Frameworks */ = {
			isa = PBXShellScriptBuildPhase;
			buildActionMask = 2147483647;
			files = (
			);
			inputPaths = (
				"${SRCROOT}/Pods/Target Support Files/Pods-Tapup/Pods-Tapup-frameworks.sh",
				"${PODS_ROOT}/TwitterCore/iOS/TwitterCore.framework",
				"${PODS_ROOT}/TwitterKit/iOS/TwitterKit.framework",
			);
			name = "[CP] Embed Pods Frameworks";
			outputPaths = (
				"${TARGET_BUILD_DIR}/${FRAMEWORKS_FOLDER_PATH}/TwitterCore.framework",
				"${TARGET_BUILD_DIR}/${FRAMEWORKS_FOLDER_PATH}/TwitterKit.framework",
			);
			runOnlyForDeploymentPostprocessing = 0;
			shellPath = /bin/sh;
			shellScript = "\"${SRCROOT}/Pods/Target Support Files/Pods-Tapup/Pods-Tapup-frameworks.sh\"\n";
			showEnvVarsInLog = 0;
		};
		F71332779A543902E725CAC3 /* [CP] Check Pods Manifest.lock */ = {
			isa = PBXShellScriptBuildPhase;
			buildActionMask = 2147483647;
			files = (
			);
			inputPaths = (
				"${PODS_PODFILE_DIR_PATH}/Podfile.lock",
				"${PODS_ROOT}/Manifest.lock",
			);
			name = "[CP] Check Pods Manifest.lock";
			outputPaths = (
				"$(DERIVED_FILE_DIR)/Pods-TapupUITests-checkManifestLockResult.txt",
			);
			runOnlyForDeploymentPostprocessing = 0;
			shellPath = /bin/sh;
			shellScript = "diff \"${PODS_PODFILE_DIR_PATH}/Podfile.lock\" \"${PODS_ROOT}/Manifest.lock\" > /dev/null\nif [ $? != 0 ] ; then\n    # print error to STDERR\n    echo \"error: The sandbox is not in sync with the Podfile.lock. Run 'pod install' or update your CocoaPods installation.\" >&2\n    exit 1\nfi\n# This output is used by Xcode 'outputs' to avoid re-running this script phase.\necho \"SUCCESS\" > \"${SCRIPT_OUTPUT_FILE_0}\"\n";
			showEnvVarsInLog = 0;
		};
/* End PBXShellScriptBuildPhase section */

/* Begin PBXSourcesBuildPhase section */
		96DB053E2032CA0000F09D1D /* Sources */ = {
			isa = PBXSourcesBuildPhase;
			buildActionMask = 2147483647;
			files = (
				961C11862043E0D70098315A /* TimerViewController.swift in Sources */,
				96DB05482032CA0100F09D1D /* GameViewController.swift in Sources */,
				96DB05462032CA0000F09D1D /* AppDelegate.swift in Sources */,
				96F9459D204D5B6B00E3A314 /* MissionViewController.swift in Sources */,
				961C118A204401F40098315A /* InputViewController.swift in Sources */,
				963CB26B2039424800AF176A /* RankingViewController.swift in Sources */,
			);
			runOnlyForDeploymentPostprocessing = 0;
		};
		96DB05522032CA0100F09D1D /* Sources */ = {
			isa = PBXSourcesBuildPhase;
			buildActionMask = 2147483647;
			files = (
				96DB055B2032CA0100F09D1D /* TapupTests.swift in Sources */,
			);
			runOnlyForDeploymentPostprocessing = 0;
		};
		96DB055D2032CA0100F09D1D /* Sources */ = {
			isa = PBXSourcesBuildPhase;
			buildActionMask = 2147483647;
			files = (
				96DB05662032CA0100F09D1D /* TapupUITests.swift in Sources */,
			);
			runOnlyForDeploymentPostprocessing = 0;
		};
/* End PBXSourcesBuildPhase section */

/* Begin PBXTargetDependency section */
		96DB05582032CA0100F09D1D /* PBXTargetDependency */ = {
			isa = PBXTargetDependency;
			target = 96DB05412032CA0000F09D1D /* Tapup */;
			targetProxy = 96DB05572032CA0100F09D1D /* PBXContainerItemProxy */;
		};
		96DB05632032CA0100F09D1D /* PBXTargetDependency */ = {
			isa = PBXTargetDependency;
			target = 96DB05412032CA0000F09D1D /* Tapup */;
			targetProxy = 96DB05622032CA0100F09D1D /* PBXContainerItemProxy */;
		};
/* End PBXTargetDependency section */

/* Begin PBXVariantGroup section */
		96DB05492032CA0100F09D1D /* Main.storyboard */ = {
			isa = PBXVariantGroup;
			children = (
				96DB054A2032CA0100F09D1D /* Base */,
			);
			name = Main.storyboard;
			sourceTree = "<group>";
		};
		96DB054E2032CA0100F09D1D /* LaunchScreen.storyboard */ = {
			isa = PBXVariantGroup;
			children = (
				96DB054F2032CA0100F09D1D /* Base */,
			);
			name = LaunchScreen.storyboard;
			sourceTree = "<group>";
		};
/* End PBXVariantGroup section */

/* Begin XCBuildConfiguration section */
		96DB05682032CA0100F09D1D /* Debug */ = {
			isa = XCBuildConfiguration;
			buildSettings = {
				ALWAYS_SEARCH_USER_PATHS = NO;
				CLANG_ANALYZER_NONNULL = YES;
				CLANG_ANALYZER_NUMBER_OBJECT_CONVERSION = YES_AGGRESSIVE;
				CLANG_CXX_LANGUAGE_STANDARD = "gnu++14";
				CLANG_CXX_LIBRARY = "libc++";
				CLANG_ENABLE_MODULES = YES;
				CLANG_ENABLE_OBJC_ARC = YES;
				CLANG_WARN_BLOCK_CAPTURE_AUTORELEASING = YES;
				CLANG_WARN_BOOL_CONVERSION = YES;
				CLANG_WARN_COMMA = YES;
				CLANG_WARN_CONSTANT_CONVERSION = YES;
				CLANG_WARN_DIRECT_OBJC_ISA_USAGE = YES_ERROR;
				CLANG_WARN_DOCUMENTATION_COMMENTS = YES;
				CLANG_WARN_EMPTY_BODY = YES;
				CLANG_WARN_ENUM_CONVERSION = YES;
				CLANG_WARN_INFINITE_RECURSION = YES;
				CLANG_WARN_INT_CONVERSION = YES;
				CLANG_WARN_NON_LITERAL_NULL_CONVERSION = YES;
				CLANG_WARN_OBJC_LITERAL_CONVERSION = YES;
				CLANG_WARN_OBJC_ROOT_CLASS = YES_ERROR;
				CLANG_WARN_RANGE_LOOP_ANALYSIS = YES;
				CLANG_WARN_STRICT_PROTOTYPES = YES;
				CLANG_WARN_SUSPICIOUS_MOVE = YES;
				CLANG_WARN_UNGUARDED_AVAILABILITY = YES_AGGRESSIVE;
				CLANG_WARN_UNREACHABLE_CODE = YES;
				CLANG_WARN__DUPLICATE_METHOD_MATCH = YES;
				CODE_SIGN_IDENTITY = "iPhone Developer";
				COPY_PHASE_STRIP = NO;
				DEBUG_INFORMATION_FORMAT = dwarf;
				ENABLE_STRICT_OBJC_MSGSEND = YES;
				ENABLE_TESTABILITY = YES;
				GCC_C_LANGUAGE_STANDARD = gnu11;
				GCC_DYNAMIC_NO_PIC = NO;
				GCC_NO_COMMON_BLOCKS = YES;
				GCC_OPTIMIZATION_LEVEL = 0;
				GCC_PREPROCESSOR_DEFINITIONS = (
					"DEBUG=1",
					"$(inherited)",
				);
				GCC_WARN_64_TO_32_BIT_CONVERSION = YES;
				GCC_WARN_ABOUT_RETURN_TYPE = YES_ERROR;
				GCC_WARN_UNDECLARED_SELECTOR = YES;
				GCC_WARN_UNINITIALIZED_AUTOS = YES_AGGRESSIVE;
				GCC_WARN_UNUSED_FUNCTION = YES;
				GCC_WARN_UNUSED_VARIABLE = YES;
				IPHONEOS_DEPLOYMENT_TARGET = 11.2;
				MTL_ENABLE_DEBUG_INFO = YES;
				ONLY_ACTIVE_ARCH = YES;
				SDKROOT = iphoneos;
				SWIFT_ACTIVE_COMPILATION_CONDITIONS = DEBUG;
				SWIFT_OPTIMIZATION_LEVEL = "-Onone";
			};
			name = Debug;
		};
		96DB05692032CA0100F09D1D /* Release */ = {
			isa = XCBuildConfiguration;
			buildSettings = {
				ALWAYS_SEARCH_USER_PATHS = NO;
				CLANG_ANALYZER_NONNULL = YES;
				CLANG_ANALYZER_NUMBER_OBJECT_CONVERSION = YES_AGGRESSIVE;
				CLANG_CXX_LANGUAGE_STANDARD = "gnu++14";
				CLANG_CXX_LIBRARY = "libc++";
				CLANG_ENABLE_MODULES = YES;
				CLANG_ENABLE_OBJC_ARC = YES;
				CLANG_WARN_BLOCK_CAPTURE_AUTORELEASING = YES;
				CLANG_WARN_BOOL_CONVERSION = YES;
				CLANG_WARN_COMMA = YES;
				CLANG_WARN_CONSTANT_CONVERSION = YES;
				CLANG_WARN_DIRECT_OBJC_ISA_USAGE = YES_ERROR;
				CLANG_WARN_DOCUMENTATION_COMMENTS = YES;
				CLANG_WARN_EMPTY_BODY = YES;
				CLANG_WARN_ENUM_CONVERSION = YES;
				CLANG_WARN_INFINITE_RECURSION = YES;
				CLANG_WARN_INT_CONVERSION = YES;
				CLANG_WARN_NON_LITERAL_NULL_CONVERSION = YES;
				CLANG_WARN_OBJC_LITERAL_CONVERSION = YES;
				CLANG_WARN_OBJC_ROOT_CLASS = YES_ERROR;
				CLANG_WARN_RANGE_LOOP_ANALYSIS = YES;
				CLANG_WARN_STRICT_PROTOTYPES = YES;
				CLANG_WARN_SUSPICIOUS_MOVE = YES;
				CLANG_WARN_UNGUARDED_AVAILABILITY = YES_AGGRESSIVE;
				CLANG_WARN_UNREACHABLE_CODE = YES;
				CLANG_WARN__DUPLICATE_METHOD_MATCH = YES;
				CODE_SIGN_IDENTITY = "iPhone Developer";
				COPY_PHASE_STRIP = NO;
				DEBUG_INFORMATION_FORMAT = "dwarf-with-dsym";
				ENABLE_NS_ASSERTIONS = NO;
				ENABLE_STRICT_OBJC_MSGSEND = YES;
				GCC_C_LANGUAGE_STANDARD = gnu11;
				GCC_NO_COMMON_BLOCKS = YES;
				GCC_WARN_64_TO_32_BIT_CONVERSION = YES;
				GCC_WARN_ABOUT_RETURN_TYPE = YES_ERROR;
				GCC_WARN_UNDECLARED_SELECTOR = YES;
				GCC_WARN_UNINITIALIZED_AUTOS = YES_AGGRESSIVE;
				GCC_WARN_UNUSED_FUNCTION = YES;
				GCC_WARN_UNUSED_VARIABLE = YES;
				IPHONEOS_DEPLOYMENT_TARGET = 11.2;
				MTL_ENABLE_DEBUG_INFO = NO;
				SDKROOT = iphoneos;
				SWIFT_OPTIMIZATION_LEVEL = "-Owholemodule";
				VALIDATE_PRODUCT = YES;
			};
			name = Release;
		};
		96DB056B2032CA0100F09D1D /* Debug */ = {
			isa = XCBuildConfiguration;
			baseConfigurationReference = 19DBBFFE9D1D484D15E6FCC8 /* Pods-Tapup.debug.xcconfig */;
			buildSettings = {
				ASSETCATALOG_COMPILER_APPICON_NAME = AppIcon;
				CODE_SIGN_STYLE = Automatic;
				DEVELOPMENT_TEAM = AQ2RXWD63X;
				INFOPLIST_FILE = Tapup/Info.plist;
				LD_RUNPATH_SEARCH_PATHS = "$(inherited) @executable_path/Frameworks";
				PRODUCT_BUNDLE_IDENTIFIER = com.litech.juna.Tapup;
				PRODUCT_NAME = "$(TARGET_NAME)";
				SWIFT_VERSION = 4.0;
				TARGETED_DEVICE_FAMILY = "1,2";
			};
			name = Debug;
		};
		96DB056C2032CA0100F09D1D /* Release */ = {
			isa = XCBuildConfiguration;
			baseConfigurationReference = FEDE0702B25B98C8C02C7288 /* Pods-Tapup.release.xcconfig */;
			buildSettings = {
				ASSETCATALOG_COMPILER_APPICON_NAME = AppIcon;
				CODE_SIGN_STYLE = Automatic;
				DEVELOPMENT_TEAM = AQ2RXWD63X;
				INFOPLIST_FILE = Tapup/Info.plist;
				LD_RUNPATH_SEARCH_PATHS = "$(inherited) @executable_path/Frameworks";
				PRODUCT_BUNDLE_IDENTIFIER = com.litech.juna.Tapup;
				PRODUCT_NAME = "$(TARGET_NAME)";
				SWIFT_VERSION = 4.0;
				TARGETED_DEVICE_FAMILY = "1,2";
			};
			name = Release;
		};
		96DB056E2032CA0100F09D1D /* Debug */ = {
			isa = XCBuildConfiguration;
			baseConfigurationReference = 9658C916C0528E6FDCDC1285 /* Pods-TapupTests.debug.xcconfig */;
			buildSettings = {
				ALWAYS_EMBED_SWIFT_STANDARD_LIBRARIES = YES;
				BUNDLE_LOADER = "$(TEST_HOST)";
				CODE_SIGN_STYLE = Automatic;
				INFOPLIST_FILE = TapupTests/Info.plist;
				LD_RUNPATH_SEARCH_PATHS = "$(inherited) @executable_path/Frameworks @loader_path/Frameworks";
				PRODUCT_BUNDLE_IDENTIFIER = com.litech.TapupTests;
				PRODUCT_NAME = "$(TARGET_NAME)";
				SWIFT_VERSION = 4.0;
				TARGETED_DEVICE_FAMILY = "1,2";
				TEST_HOST = "$(BUILT_PRODUCTS_DIR)/Tapup.app/Tapup";
			};
			name = Debug;
		};
		96DB056F2032CA0100F09D1D /* Release */ = {
			isa = XCBuildConfiguration;
			baseConfigurationReference = 0BBAEAB0C5943EFE8B20DECA /* Pods-TapupTests.release.xcconfig */;
			buildSettings = {
				ALWAYS_EMBED_SWIFT_STANDARD_LIBRARIES = YES;
				BUNDLE_LOADER = "$(TEST_HOST)";
				CODE_SIGN_STYLE = Automatic;
				INFOPLIST_FILE = TapupTests/Info.plist;
				LD_RUNPATH_SEARCH_PATHS = "$(inherited) @executable_path/Frameworks @loader_path/Frameworks";
				PRODUCT_BUNDLE_IDENTIFIER = com.litech.TapupTests;
				PRODUCT_NAME = "$(TARGET_NAME)";
				SWIFT_VERSION = 4.0;
				TARGETED_DEVICE_FAMILY = "1,2";
				TEST_HOST = "$(BUILT_PRODUCTS_DIR)/Tapup.app/Tapup";
			};
			name = Release;
		};
		96DB05712032CA0100F09D1D /* Debug */ = {
			isa = XCBuildConfiguration;
			baseConfigurationReference = FF1E7F91B1CA8B79A837CDD9 /* Pods-TapupUITests.debug.xcconfig */;
			buildSettings = {
				ALWAYS_EMBED_SWIFT_STANDARD_LIBRARIES = YES;
				CODE_SIGN_STYLE = Automatic;
				INFOPLIST_FILE = TapupUITests/Info.plist;
				LD_RUNPATH_SEARCH_PATHS = "$(inherited) @executable_path/Frameworks @loader_path/Frameworks";
				PRODUCT_BUNDLE_IDENTIFIER = com.litech.TapupUITests;
				PRODUCT_NAME = "$(TARGET_NAME)";
				SWIFT_VERSION = 4.0;
				TARGETED_DEVICE_FAMILY = "1,2";
				TEST_TARGET_NAME = Tapup;
			};
			name = Debug;
		};
		96DB05722032CA0100F09D1D /* Release */ = {
			isa = XCBuildConfiguration;
			baseConfigurationReference = A1F9BE49E7D11E5098220FA0 /* Pods-TapupUITests.release.xcconfig */;
			buildSettings = {
				ALWAYS_EMBED_SWIFT_STANDARD_LIBRARIES = YES;
				CODE_SIGN_STYLE = Automatic;
				INFOPLIST_FILE = TapupUITests/Info.plist;
				LD_RUNPATH_SEARCH_PATHS = "$(inherited) @executable_path/Frameworks @loader_path/Frameworks";
				PRODUCT_BUNDLE_IDENTIFIER = com.litech.TapupUITests;
				PRODUCT_NAME = "$(TARGET_NAME)";
				SWIFT_VERSION = 4.0;
				TARGETED_DEVICE_FAMILY = "1,2";
				TEST_TARGET_NAME = Tapup;
			};
			name = Release;
		};
/* End XCBuildConfiguration section */

/* Begin XCConfigurationList section */
		96DB053D2032CA0000F09D1D /* Build configuration list for PBXProject "Tapup" */ = {
			isa = XCConfigurationList;
			buildConfigurations = (
				96DB05682032CA0100F09D1D /* Debug */,
				96DB05692032CA0100F09D1D /* Release */,
			);
			defaultConfigurationIsVisible = 0;
			defaultConfigurationName = Release;
		};
		96DB056A2032CA0100F09D1D /* Build configuration list for PBXNativeTarget "Tapup" */ = {
			isa = XCConfigurationList;
			buildConfigurations = (
				96DB056B2032CA0100F09D1D /* Debug */,
				96DB056C2032CA0100F09D1D /* Release */,
			);
			defaultConfigurationIsVisible = 0;
			defaultConfigurationName = Release;
		};
		96DB056D2032CA0100F09D1D /* Build configuration list for PBXNativeTarget "TapupTests" */ = {
			isa = XCConfigurationList;
			buildConfigurations = (
				96DB056E2032CA0100F09D1D /* Debug */,
				96DB056F2032CA0100F09D1D /* Release */,
			);
			defaultConfigurationIsVisible = 0;
			defaultConfigurationName = Release;
		};
		96DB05702032CA0100F09D1D /* Build configuration list for PBXNativeTarget "TapupUITests" */ = {
			isa = XCConfigurationList;
			buildConfigurations = (
				96DB05712032CA0100F09D1D /* Debug */,
				96DB05722032CA0100F09D1D /* Release */,
			);
			defaultConfigurationIsVisible = 0;
			defaultConfigurationName = Release;
		};
/* End XCConfigurationList section */
	};
	rootObject = 96DB053A2032CA0000F09D1D /* Project object */;
}
